
Microsoft Visual Studio Solution File, Format Version 12.00
Project("{FAE04EC0-301F-11D3-BF4B-00C04F79EFBC}") = "FibonacciAPI", "FibonacciAPI\FibonacciAPI.csproj", "{DEBD7E77-0C02-4465-B8C9-E97A5C2FFCAB}"
EndProject
Project("{FAE04EC0-301F-11D3-BF4B-00C04F79EFBC}") = "FibonacciAPI_Tests", "FibonacciAPI_Tests\FibonacciAPI_Tests.csproj", "{68A3713A-D9CA-43E0-B27E-2D3FB4A37701}"
EndProject
Global
	GlobalSection(SolutionConfigurationPlatforms) = preSolution
		Debug|Any CPU = Debug|Any CPU
		Release|Any CPU = Release|Any CPU
	EndGlobalSection
	GlobalSection(ProjectConfigurationPlatforms) = postSolution
		{DEBD7E77-0C02-4465-B8C9-E97A5C2FFCAB}.Debug|Any CPU.ActiveCfg = Debug|Any CPU
		{DEBD7E77-0C02-4465-B8C9-E97A5C2FFCAB}.Debug|Any CPU.Build.0 = Debug|Any CPU
		{DEBD7E77-0C02-4465-B8C9-E97A5C2FFCAB}.Release|Any CPU.ActiveCfg = Release|Any CPU
		{DEBD7E77-0C02-4465-B8C9-E97A5C2FFCAB}.Release|Any CPU.Build.0 = Release|Any CPU
		{68A3713A-D9CA-43E0-B27E-2D3FB4A37701}.Debug|Any CPU.ActiveCfg = Debug|Any CPU
		{68A3713A-D9CA-43E0-B27E-2D3FB4A37701}.Debug|Any CPU.Build.0 = Debug|Any CPU
		{68A3713A-D9CA-43E0-B27E-2D3FB4A37701}.Release|Any CPU.ActiveCfg = Release|Any CPU
		{68A3713A-D9CA-43E0-B27E-2D3FB4A37701}.Release|Any CPU.Build.0 = Release|Any CPU
	EndGlobalSection
EndGlobal
